
Microsoft Visual Studio Solution File, Format Version 12.00
# Visual Studio 15
VisualStudioVersion = 15.0.27703.2035
MinimumVisualStudioVersion = 10.0.40219.1
Project("{FAE04EC0-301F-11D3-BF4B-00C04F79EFBC}") = "Options.Android", "Options\Options.Android\Options.Android.csproj", "{762AEA31-8E79-48AE-A933-8B7AB7499006}"
EndProject
Project("{FAE04EC0-301F-11D3-BF4B-00C04F79EFBC}") = "Options.iOS", "Options\Options.iOS\Options.iOS.csproj", "{47765595-B30B-426C-B015-ACBC55D06206}"
EndProject
Project("{FAE04EC0-301F-11D3-BF4B-00C04F79EFBC}") = "Options", "Options\Options\Options.csproj", "{9D1F922A-1825-42ED-842A-FF5D2AEC88B0}"
EndProject
Global
	GlobalSection(SolutionConfigurationPlatforms) = preSolution
		Ad-Hoc|Any CPU = Ad-Hoc|Any CPU
		Ad-Hoc|iPhone = Ad-Hoc|iPhone
		Ad-Hoc|iPhoneSimulator = Ad-Hoc|iPhoneSimulator
		AppStore|Any CPU = AppStore|Any CPU
		AppStore|iPhone = AppStore|iPhone
		AppStore|iPhoneSimulator = AppStore|iPhoneSimulator
		Debug|Any CPU = Debug|Any CPU
		Debug|iPhone = Debug|iPhone
		Debug|iPhoneSimulator = Debug|iPhoneSimulator
		Release|Any CPU = Release|Any CPU
		Release|iPhone = Release|iPhone
		Release|iPhoneSimulator = Release|iPhoneSimulator
	EndGlobalSection
	GlobalSection(ProjectConfigurationPlatforms) = postSolution
		{762AEA31-8E79-48AE-A933-8B7AB7499006}.Ad-Hoc|Any CPU.ActiveCfg = Release|Any CPU
		{762AEA31-8E79-48AE-A933-8B7AB7499006}.Ad-Hoc|Any CPU.Build.0 = Release|Any CPU
		{762AEA31-8E79-48AE-A933-8B7AB7499006}.Ad-Hoc|Any CPU.Deploy.0 = Release|Any CPU
		{762AEA31-8E79-48AE-A933-8B7AB7499006}.Ad-Hoc|iPhone.ActiveCfg = Release|Any CPU
		{762AEA31-8E79-48AE-A933-8B7AB7499006}.Ad-Hoc|iPhone.Build.0 = Release|Any CPU
		{762AEA31-8E79-48AE-A933-8B7AB7499006}.Ad-Hoc|iPhone.Deploy.0 = Release|Any CPU
		{762AEA31-8E79-48AE-A933-8B7AB7499006}.Ad-Hoc|iPhoneSimulator.ActiveCfg = Release|Any CPU
		{762AEA31-8E79-48AE-A933-8B7AB7499006}.Ad-Hoc|iPhoneSimulator.Build.0 = Release|Any CPU
		{762AEA31-8E79-48AE-A933-8B7AB7499006}.Ad-Hoc|iPhoneSimulator.Deploy.0 = Release|Any CPU
		{762AEA31-8E79-48AE-A933-8B7AB7499006}.AppStore|Any CPU.ActiveCfg = Release|Any CPU
		{762AEA31-8E79-48AE-A933-8B7AB7499006}.AppStore|Any CPU.Build.0 = Release|Any CPU
		{762AEA31-8E79-48AE-A933-8B7AB7499006}.AppStore|Any CPU.Deploy.0 = Release|Any CPU
		{762AEA31-8E79-48AE-A933-8B7AB7499006}.AppStore|iPhone.ActiveCfg = Release|Any CPU
		{762AEA31-8E79-48AE-A933-8B7AB7499006}.AppStore|iPhone.Build.0 = Release|Any CPU
		{762AEA31-8E79-48AE-A933-8B7AB7499006}.AppStore|iPhone.Deploy.0 = Release|Any CPU
		{762AEA31-8E79-48AE-A933-8B7AB7499006}.AppStore|iPhoneSimulator.ActiveCfg = Release|Any CPU
		{762AEA31-8E79-48AE-A933-8B7AB7499006}.AppStore|iPhoneSimulator.Build.0 = Release|Any CPU
		{762AEA31-8E79-48AE-A933-8B7AB7499006}.AppStore|iPhoneSimulator.Deploy.0 = Release|Any CPU
		{762AEA31-8E79-48AE-A933-8B7AB7499006}.Debug|Any CPU.ActiveCfg = Debug|Any CPU
		{762AEA31-8E79-48AE-A933-8B7AB7499006}.Debug|Any CPU.Build.0 = Debug|Any CPU
		{762AEA31-8E79-48AE-A933-8B7AB7499006}.Debug|Any CPU.Deploy.0 = Debug|Any CPU
		{762AEA31-8E79-48AE-A933-8B7AB7499006}.Debug|iPhone.ActiveCfg = Debug|Any CPU
		{762AEA31-8E79-48AE-A933-8B7AB7499006}.Debug|iPhone.Build.0 = Debug|Any CPU
		{762AEA31-8E79-48AE-A933-8B7AB7499006}.Debug|iPhone.Deploy.0 = Debug|Any CPU
		{762AEA31-8E79-48AE-A933-8B7AB7499006}.Debug|iPhoneSimulator.ActiveCfg = Debug|Any CPU
		{762AEA31-8E79-48AE-A933-8B7AB7499006}.Debug|iPhoneSimulator.Build.0 = Debug|Any CPU
		{762AEA31-8E79-48AE-A933-8B7AB7499006}.Debug|iPhoneSimulator.Deploy.0 = Debug|Any CPU
		{762AEA31-8E79-48AE-A933-8B7AB7499006}.Release|Any CPU.ActiveCfg = Release|Any CPU
		{762AEA31-8E79-48AE-A933-8B7AB7499006}.Release|Any CPU.Build.0 = Release|Any CPU
		{762AEA31-8E79-48AE-A933-8B7AB7499006}.Release|Any CPU.Deploy.0 = Release|Any CPU
		{762AEA31-8E79-48AE-A933-8B7AB7499006}.Release|iPhone.ActiveCfg = Release|Any CPU
		{762AEA31-8E79-48AE-A933-8B7AB7499006}.Release|iPhone.Build.0 = Release|Any CPU
		{762AEA31-8E79-48AE-A933-8B7AB7499006}.Release|iPhone.Deploy.0 = Release|Any CPU
		{762AEA31-8E79-48AE-A933-8B7AB7499006}.Release|iPhoneSimulator.ActiveCfg = Release|Any CPU
		{762AEA31-8E79-48AE-A933-8B7AB7499006}.Release|iPhoneSimulator.Build.0 = Release|Any CPU
		{762AEA31-8E79-48AE-A933-8B7AB7499006}.Release|iPhoneSimulator.Deploy.0 = Release|Any CPU
		{47765595-B30B-426C-B015-ACBC55D06206}.Ad-Hoc|Any CPU.ActiveCfg = Ad-Hoc|iPhone
		{47765595-B30B-426C-B015-ACBC55D06206}.Ad-Hoc|Any CPU.Build.0 = Ad-Hoc|iPhone
		{47765595-B30B-426C-B015-ACBC55D06206}.Ad-Hoc|Any CPU.Deploy.0 = Ad-Hoc|iPhone
		{47765595-B30B-426C-B015-ACBC55D06206}.Ad-Hoc|iPhone.ActiveCfg = Ad-Hoc|iPhone
		{47765595-B30B-426C-B015-ACBC55D06206}.Ad-Hoc|iPhone.Build.0 = Ad-Hoc|iPhone
		{47765595-B30B-426C-B015-ACBC55D06206}.Ad-Hoc|iPhone.Deploy.0 = Ad-Hoc|iPhone
		{47765595-B30B-426C-B015-ACBC55D06206}.Ad-Hoc|iPhoneSimulator.ActiveCfg = Ad-Hoc|iPhoneSimulator
		{47765595-B30B-426C-B015-ACBC55D06206}.Ad-Hoc|iPhoneSimulator.Build.0 = Ad-Hoc|iPhoneSimulator
		{47765595-B30B-426C-B015-ACBC55D06206}.Ad-Hoc|iPhoneSimulator.Deploy.0 = Ad-Hoc|iPhoneSimulator
		{47765595-B30B-426C-B015-ACBC55D06206}.AppStore|Any CPU.ActiveCfg = AppStore|iPhone
		{47765595-B30B-426C-B015-ACBC55D06206}.AppStore|Any CPU.Build.0 = AppStore|iPhone
		{47765595-B30B-426C-B015-ACBC55D06206}.AppStore|Any CPU.Deploy.0 = AppStore|iPhone
		{47765595-B30B-426C-B015-ACBC55D06206}.AppStore|iPhone.ActiveCfg = AppStore|iPhone
		{47765595-B30B-426C-B015-ACBC55D06206}.AppStore|iPhone.Build.0 = AppStore|iPhone
		{47765595-B30B-426C-B015-ACBC55D06206}.AppStore|iPhone.Deploy.0 = AppStore|iPhone
		{47765595-B30B-426C-B015-ACBC55D06206}.AppStore|iPhoneSimulator.ActiveCfg = AppStore|iPhoneSimulator
		{47765595-B30B-426C-B015-ACBC55D06206}.AppStore|iPhoneSimulator.Build.0 = AppStore|iPhoneSimulator
		{47765595-B30B-426C-B015-ACBC55D06206}.AppStore|iPhoneSimulator.Deploy.0 = AppStore|iPhoneSimulator
		{47765595-B30B-426C-B015-ACBC55D06206}.Debug|Any CPU.ActiveCfg = Debug|iPhoneSimulator
		{47765595-B30B-426C-B015-ACBC55D06206}.Debug|Any CPU.Build.0 = Debug|iPhoneSimulator
		{47765595-B30B-426C-B015-ACBC55D06206}.Debug|Any CPU.Deploy.0 = Debug|iPhoneSimulator
		{47765595-B30B-426C-B015-ACBC55D06206}.Debug|iPhone.ActiveCfg = Debug|iPhone
		{47765595-B30B-426C-B015-ACBC55D06206}.Debug|iPhone.Build.0 = Debug|iPhone
		{47765595-B30B-426C-B015-ACBC55D06206}.Debug|iPhone.Deploy.0 = Debug|iPhone
		{47765595-B30B-426C-B015-ACBC55D06206}.Debug|iPhoneSimulator.ActiveCfg = Debug|iPhoneSimulator
		{47765595-B30B-426C-B015-ACBC55D06206}.Debug|iPhoneSimulator.Build.0 = Debug|iPhoneSimulator
		{47765595-B30B-426C-B015-ACBC55D06206}.Debug|iPhoneSimulator.Deploy.0 = Debug|iPhoneSimulator
		{47765595-B30B-426C-B015-ACBC55D06206}.Release|Any CPU.ActiveCfg = Release|iPhone
		{47765595-B30B-426C-B015-ACBC55D06206}.Release|Any CPU.Build.0 = Release|iPhone
		{47765595-B30B-426C-B015-ACBC55D06206}.Release|Any CPU.Deploy.0 = Release|iPhone
		{47765595-B30B-426C-B015-ACBC55D06206}.Release|iPhone.ActiveCfg = Release|iPhone
		{47765595-B30B-426C-B015-ACBC55D06206}.Release|iPhone.Build.0 = Release|iPhone
		{47765595-B30B-426C-B015-ACBC55D06206}.Release|iPhone.Deploy.0 = Release|iPhone
		{47765595-B30B-426C-B015-ACBC55D06206}.Release|iPhoneSimulator.ActiveCfg = Release|iPhoneSimulator
		{47765595-B30B-426C-B015-ACBC55D06206}.Release|iPhoneSimulator.Build.0 = Release|iPhoneSimulator
		{47765595-B30B-426C-B015-ACBC55D06206}.Release|iPhoneSimulator.Deploy.0 = Release|iPhoneSimulator
		{9D1F922A-1825-42ED-842A-FF5D2AEC88B0}.Ad-Hoc|Any CPU.ActiveCfg = Debug|Any CPU
		{9D1F922A-1825-42ED-842A-FF5D2AEC88B0}.Ad-Hoc|Any CPU.Build.0 = Debug|Any CPU
		{9D1F922A-1825-42ED-842A-FF5D2AEC88B0}.Ad-Hoc|Any CPU.Deploy.0 = Debug|Any CPU
		{9D1F922A-1825-42ED-842A-FF5D2AEC88B0}.Ad-Hoc|iPhone.ActiveCfg = Debug|Any CPU
		{9D1F922A-1825-42ED-842A-FF5D2AEC88B0}.Ad-Hoc|iPhone.Build.0 = Debug|Any CPU
		{9D1F922A-1825-42ED-842A-FF5D2AEC88B0}.Ad-Hoc|iPhone.Deploy.0 = Debug|Any CPU
		{9D1F922A-1825-42ED-842A-FF5D2AEC88B0}.Ad-Hoc|iPhoneSimulator.ActiveCfg = Debug|Any CPU
		{9D1F922A-1825-42ED-842A-FF5D2AEC88B0}.Ad-Hoc|iPhoneSimulator.Build.0 = Debug|Any CPU
		{9D1F922A-1825-42ED-842A-FF5D2AEC88B0}.Ad-Hoc|iPhoneSimulator.Deploy.0 = Debug|Any CPU
		{9D1F922A-1825-42ED-842A-FF5D2AEC88B0}.AppStore|Any CPU.ActiveCfg = Debug|Any CPU
		{9D1F922A-1825-42ED-842A-FF5D2AEC88B0}.AppStore|Any CPU.Build.0 = Debug|Any CPU
		{9D1F922A-1825-42ED-842A-FF5D2AEC88B0}.AppStore|Any CPU.Deploy.0 = Debug|Any CPU
		{9D1F922A-1825-42ED-842A-FF5D2AEC88B0}.AppStore|iPhone.ActiveCfg = Debug|Any CPU
		{9D1F922A-1825-42ED-842A-FF5D2AEC88B0}.AppStore|iPhone.Build.0 = Debug|Any CPU
		{9D1F922A-1825-42ED-842A-FF5D2AEC88B0}.AppStore|iPhone.Deploy.0 = Debug|Any CPU
		{9D1F922A-1825-42ED-842A-FF5D2AEC88B0}.AppStore|iPhoneSimulator.ActiveCfg = Debug|Any CPU
		{9D1F922A-1825-42ED-842A-FF5D2AEC88B0}.AppStore|iPhoneSimulator.Build.0 = Debug|Any CPU
		{9D1F922A-1825-42ED-842A-FF5D2AEC88B0}.AppStore|iPhoneSimulator.Deploy.0 = Debug|Any CPU
		{9D1F922A-1825-42ED-842A-FF5D2AEC88B0}.Debug|Any CPU.ActiveCfg = Debug|Any CPU
		{9D1F922A-1825-42ED-842A-FF5D2AEC88B0}.Debug|Any CPU.Build.0 = Debug|Any CPU
		{9D1F922A-1825-42ED-842A-FF5D2AEC88B0}.Debug|Any CPU.Deploy.0 = Debug|Any CPU
		{9D1F922A-1825-42ED-842A-FF5D2AEC88B0}.Debug|iPhone.ActiveCfg = Debug|Any CPU
		{9D1F922A-1825-42ED-842A-FF5D2AEC88B0}.Debug|iPhone.Build.0 = Debug|Any CPU
		{9D1F922A-1825-42ED-842A-FF5D2AEC88B0}.Debug|iPhone.Deploy.0 = Debug|Any CPU
		{9D1F922A-1825-42ED-842A-FF5D2AEC88B0}.Debug|iPhoneSimulator.ActiveCfg = Debug|Any CPU
		{9D1F922A-1825-42ED-842A-FF5D2AEC88B0}.Debug|iPhoneSimulator.Build.0 = Debug|Any CPU
		{9D1F922A-1825-42ED-842A-FF5D2AEC88B0}.Debug|iPhoneSimulator.Deploy.0 = Debug|Any CPU
		{9D1F922A-1825-42ED-842A-FF5D2AEC88B0}.Release|Any CPU.ActiveCfg = Release|Any CPU
		{9D1F922A-1825-42ED-842A-FF5D2AEC88B0}.Release|Any CPU.Build.0 = Release|Any CPU
		{9D1F922A-1825-42ED-842A-FF5D2AEC88B0}.Release|Any CPU.Deploy.0 = Release|Any CPU
		{9D1F922A-1825-42ED-842A-FF5D2AEC88B0}.Release|iPhone.ActiveCfg = Release|Any CPU
		{9D1F922A-1825-42ED-842A-FF5D2AEC88B0}.Release|iPhone.Build.0 = Release|Any CPU
		{9D1F922A-1825-42ED-842A-FF5D2AEC88B0}.Release|iPhone.Deploy.0 = Release|Any CPU
		{9D1F922A-1825-42ED-842A-FF5D2AEC88B0}.Release|iPhoneSimulator.ActiveCfg = Release|Any CPU
		{9D1F922A-1825-42ED-842A-FF5D2AEC88B0}.Release|iPhoneSimulator.Build.0 = Release|Any CPU
		{9D1F922A-1825-42ED-842A-FF5D2AEC88B0}.Release|iPhoneSimulator.Deploy.0 = Release|Any CPU
	EndGlobalSection
	GlobalSection(SolutionProperties) = preSolution
		HideSolutionNode = FALSE
	EndGlobalSection
	GlobalSection(ExtensibilityGlobals) = postSolution
		SolutionGuid = {3504699B-3A13-4F36-80F7-B91159D2E62A}
	EndGlobalSection
EndGlobal
